libcurl={version="8.6.0",type="conan",options="[\"fPIC\" => \"True\" \"shared\" => \"False\" \"with_brotli\" => \"False\" \"with_c_ares\" => \"False\" \"with_ca_bundle\" => \"auto\" \"with_ca_fallback\" => \"False\" \"with_ca_path\" => \"auto\" \"with_cookies\" => \"True\" \"with_crypto_auth\" => \"True\" \"with_dict\" => \"True\" \"with_docs\" => \"False\" \"with_file\" => \"True\" \"with_ftp\" => \"True\" \"with_gopher\" => \"True\" \"with_http\" => \"True\" \"with_imap\" => \"True\" \"with_ipv6\" => \"True\" \"with_largemaxwritesize\" => \"False\" \"with_ldap\" => \"False\" \"with_libgsasl\" => \"False\" \"with_libidn\" => \"False\" \"with_libpsl\" => \"False\" \"with_librtmp\" => \"False\" \"with_libssh2\" => \"False\" \"with_mqtt\" => \"True\" \"with_nghttp2\" => \"False\" \"with_ntlm\" => \"True\" \"with_ntlm_wb\" => \"True\" \"with_pop3\" => \"True\" \"with_proxy\" => \"True\" \"with_rtsp\" => \"True\" \"with_smb\" => \"True\" \"with_smtp\" => \"True\" \"with_ssl\" => \"openssl\" \"with_symbol_hiding\" => \"False\" \"with_telnet\" => \"True\" \"with_tftp\" => \"True\" \"with_threaded_resolver\" => \"True\" \"with_unix_sockets\" => \"True\" \"with_verbose_debug\" => \"True\" \"with_verbose_strings\" => \"True\" \"with_zlib\" => \"True\" \"with_zstd\" => \"False\"]"}
term-colors={locator="StanzaOrg/term-colors",version="0.1.1",hash="1d394dce2cb079a4c8d5dccbbede63b0f894eac4"}
curl_static={locator="StanzaOrg/slm_curl",version="0.0.2",hash="e3181e3a5e1ff3d71d2a696147763b4e438415ff"}
stanza-toml={locator="StanzaOrg/stanza-toml",version="0.4.0",hash="acde96ed74455556e9da9df80c20a4a41aaaec75"}
json_static={locator="StanzaOrg/slm_json",version="0.0.2",hash="23e3728be4cb8150aed0d71cbdbe8214f75b98dd"}
semver={locator="StanzaOrg/semver",version="0.1.6",hash="13f3eba0e1cfc5bf926134ef8b43bd7d07981ea4"}
file_system_utils_static={locator="StanzaOrg/slm_file_system_utils",version="0.0.2",hash="cab006f0b5afbe89bfda1c0790629e12956a1617"}
maybe-utils={locator="StanzaOrg/maybe-utils",version="0.1.4",hash="9a364ff7b7e041451cdf29c9dafed945230868e4"}
lang_utils_static={locator="StanzaOrg/slm_lang_utils",version="0.0.3",hash="c06ab92dcf0e565e2ad910d04927571d813a7f9e"}
