semver={locator="StanzaOrg/semver",version="0.1.6",hash="13f3eba0e1cfc5bf926134ef8b43bd7d07981ea4"}
json={locator="StanzaOrg/slm_json",version="0.0.0",hash="bc922c88ae730895fbb6dee1cd0436fde13964e0"}
term-colors={locator="StanzaOrg/term-colors",version="0.1.1",hash="1d394dce2cb079a4c8d5dccbbede63b0f894eac4"}
stanza-toml={locator="StanzaOrg/stanza-toml",version="0.4.0",hash="acde96ed74455556e9da9df80c20a4a41aaaec75"}
maybe-utils={locator="StanzaOrg/maybe-utils",version="0.1.4",hash="9a364ff7b7e041451cdf29c9dafed945230868e4"}
